<Solution>
  <Folder Name="/blocks/">
    <Project Path="../../../BuildingBlocks/BuildingBlocks.Application/BuildingBlocks.Application.csproj" />
    <Project Path="../../../BuildingBlocks/BuildingBlocks.Domain/BuildingBlocks.Domain.csproj" />
    <Project Path="../../../BuildingBlocks/BuildingBlocks.GrpcContracts/BuildingBlocks.GrpcContracts.csproj" />
    <Project Path="../../../BuildingBlocks/BuildingBlocks.Infrastructure/BuildingBlocks.Infrastructure.csproj" />
    <Project Path="../../../BuildingBlocks/BuildingBlocks.IntegrationEvents/BuildingBlocks.IntegrationEvents.csproj" />
    <Project Path="../../../BuildingBlocks/BuildingBlocks.Presentation/BuildingBlocks.Presentation.csproj" />
  </Folder>
  <Folder Name="/Solution Items/">
    <File Path="../../../../src/.editorconfig" />
    <File Path="../../../../src/Directory.Build.props" />
    <File Path="../../../../src/Directory.Build.targets" />
    <File Path="../../../../src/Directory.Packages.props" />
  </Folder>
  <Folder Name="/src/">
    <Project Path="../IdentityService.Application/IdentityService.Application.csproj" />
    <Project Path="../IdentityService.Domain/IdentityService.Domain.csproj" />
    <Project Path="../IdentityService.Infrastructure/IdentityService.Infrastructure.csproj" />
    <Project Path="IdentityService.API.csproj" />
  </Folder>
  <Folder Name="/tests/">
    <Project Path="../Identity.Application.UnitTests/Identity.Application.UnitTests.csproj" />
    <Project Path="../Identity.ArchitectureTests/Identity.ArchitectureTests.csproj" Id="ac0fbd5e-594f-442e-96f3-a12b5f793fb7" />
    <Project Path="../Identity.Domain.UnitTests/Identity.Domain.UnitTests.csproj" Id="ed4f4fd0-f4d3-48b2-81b2-a77bd2d5c43e" />
    <Project Path="../Identity.Infrastructure.IntegrationTests/Identity.Infrastructure.IntegrationTests.csproj" />
    <Project Path="../Identity.API.E2ETests/Identity.API.E2ETests.csproj" />
  </Folder>
</Solution>
